// !$*UTF8*$!
{
	archiveVersion = 1;
	classes = {
	};
	objectVersion = 50;
	objects = {

/* Begin PBXBuildFile section */
		445C94CD234290C20082D84A /* funnyAnimalViewController.swift in Sources */ = {isa = PBXBuildFile; fileRef = 445C94CC234290C20082D84A /* funnyAnimalViewController.swift */; };
		44943F46234216DD005C70F5 /* GoogleService-Info-3.plist in Resources */ = {isa = PBXBuildFile; fileRef = 44943F45234216DD005C70F5 /* GoogleService-Info-3.plist */; };
		44943F4A23422A52005C70F5 /* File.swift in Sources */ = {isa = PBXBuildFile; fileRef = 44943F4923422A52005C70F5 /* File.swift */; };
		449EE1ED233CE9D9007134AA /* AppDelegate.swift in Sources */ = {isa = PBXBuildFile; fileRef = 449EE1EC233CE9D9007134AA /* AppDelegate.swift */; };
		449EE1EF233CE9D9007134AA /* SceneDelegate.swift in Sources */ = {isa = PBXBuildFile; fileRef = 449EE1EE233CE9D9007134AA /* SceneDelegate.swift */; };
		449EE1F4233CE9D9007134AA /* Main.storyboard in Resources */ = {isa = PBXBuildFile; fileRef = 449EE1F2233CE9D9007134AA /* Main.storyboard */; };
		449EE1F6233CE9DA007134AA /* Assets.xcassets in Resources */ = {isa = PBXBuildFile; fileRef = 449EE1F5233CE9DA007134AA /* Assets.xcassets */; };
		449EE1F9233CE9DA007134AA /* LaunchScreen.storyboard in Resources */ = {isa = PBXBuildFile; fileRef = 449EE1F7233CE9DA007134AA /* LaunchScreen.storyboard */; };
		449EE201233CEA09007134AA /* timetableCollectionViewCell.swift in Sources */ = {isa = PBXBuildFile; fileRef = 449EE200233CEA09007134AA /* timetableCollectionViewCell.swift */; };
		449EE203233CEA4A007134AA /* timetableCollectionViewController.swift in Sources */ = {isa = PBXBuildFile; fileRef = 449EE202233CEA4A007134AA /* timetableCollectionViewController.swift */; };
		449EE226233CFCCB007134AA /* funny.jpg in Resources */ = {isa = PBXBuildFile; fileRef = 449EE225233CFCCB007134AA /* funny.jpg */; };
		44A4B89A23437DD7003F9EBB /* packingListViewController.swift in Sources */ = {isa = PBXBuildFile; fileRef = 44A4B89923437DD7003F9EBB /* packingListViewController.swift */; };
/* End PBXBuildFile section */

/* Begin PBXFileReference section */
		445C94CC234290C20082D84A /* funnyAnimalViewController.swift */ = {isa = PBXFileReference; lastKnownFileType = sourcecode.swift; path = funnyAnimalViewController.swift; sourceTree = "<group>"; };
		44943F45234216DD005C70F5 /* GoogleService-Info-3.plist */ = {isa = PBXFileReference; fileEncoding = 4; lastKnownFileType = text.plist.xml; path = "GoogleService-Info-3.plist"; sourceTree = "<group>"; };
		44943F4923422A52005C70F5 /* File.swift */ = {isa = PBXFileReference; lastKnownFileType = sourcecode.swift; path = File.swift; sourceTree = "<group>"; };
		449EE1E9233CE9D9007134AA /* morningRoutine.app */ = {isa = PBXFileReference; explicitFileType = wrapper.application; includeInIndex = 0; path = morningRoutine.app; sourceTree = BUILT_PRODUCTS_DIR; };
		449EE1EC233CE9D9007134AA /* AppDelegate.swift */ = {isa = PBXFileReference; lastKnownFileType = sourcecode.swift; path = AppDelegate.swift; sourceTree = "<group>"; };
		449EE1EE233CE9D9007134AA /* SceneDelegate.swift */ = {isa = PBXFileReference; lastKnownFileType = sourcecode.swift; path = SceneDelegate.swift; sourceTree = "<group>"; };
		449EE1F3233CE9D9007134AA /* Base */ = {isa = PBXFileReference; lastKnownFileType = file.storyboard; name = Base; path = Base.lproj/Main.storyboard; sourceTree = "<group>"; };
		449EE1F5233CE9DA007134AA /* Assets.xcassets */ = {isa = PBXFileReference; lastKnownFileType = folder.assetcatalog; path = Assets.xcassets; sourceTree = "<group>"; };
		449EE1F8233CE9DA007134AA /* Base */ = {isa = PBXFileReference; lastKnownFileType = file.storyboard; name = Base; path = Base.lproj/LaunchScreen.storyboard; sourceTree = "<group>"; };
		449EE1FA233CE9DA007134AA /* Info.plist */ = {isa = PBXFileReference; lastKnownFileType = text.plist.xml; path = Info.plist; sourceTree = "<group>"; };
		449EE200233CEA09007134AA /* timetableCollectionViewCell.swift */ = {isa = PBXFileReference; lastKnownFileType = sourcecode.swift; path = timetableCollectionViewCell.swift; sourceTree = "<group>"; };
		449EE202233CEA4A007134AA /* timetableCollectionViewController.swift */ = {isa = PBXFileReference; lastKnownFileType = sourcecode.swift; path = timetableCollectionViewController.swift; sourceTree = "<group>"; };
		449EE224233CFC8B007134AA /* Unknown-4 */ = {isa = PBXFileReference; lastKnownFileType = file; path = "Unknown-4"; sourceTree = "<group>"; };
		449EE225233CFCCB007134AA /* funny.jpg */ = {isa = PBXFileReference; lastKnownFileType = image.jpeg; path = funny.jpg; sourceTree = "<group>"; };
		44A4B89923437DD7003F9EBB /* packingListViewController.swift */ = {isa = PBXFileReference; lastKnownFileType = sourcecode.swift; path = packingListViewController.swift; sourceTree = "<group>"; };
/* End PBXFileReference section */

/* Begin PBXFrameworksBuildPhase section */
		449EE1E6233CE9D9007134AA /* Frameworks */ = {
			isa = PBXFrameworksBuildPhase;
			buildActionMask = 2147483647;
			files = (
			);
			runOnlyForDeploymentPostprocessing = 0;
		};
/* End PBXFrameworksBuildPhase section */

/* Begin PBXGroup section */
		449EE1E0233CE9D9007134AA = {
			isa = PBXGroup;
			children = (
				449EE1EB233CE9D9007134AA /* morningRoutine */,
				449EE1EA233CE9D9007134AA /* Products */,
			);
			sourceTree = "<group>";
		};
		449EE1EA233CE9D9007134AA /* Products */ = {
			isa = PBXGroup;
			children = (
				449EE1E9233CE9D9007134AA /* morningRoutine.app */,
			);
			name = Products;
			sourceTree = "<group>";
		};
		449EE1EB233CE9D9007134AA /* morningRoutine */ = {
			isa = PBXGroup;
			children = (
				449EE1EC233CE9D9007134AA /* AppDelegate.swift */,
				449EE1EE233CE9D9007134AA /* SceneDelegate.swift */,
				449EE1F2233CE9D9007134AA /* Main.storyboard */,
				44A4B89923437DD7003F9EBB /* packingListViewController.swift */,
				449EE200233CEA09007134AA /* timetableCollectionViewCell.swift */,
				445C94CC234290C20082D84A /* funnyAnimalViewController.swift */,
				449EE202233CEA4A007134AA /* timetableCollectionViewController.swift */,
				44943F4923422A52005C70F5 /* File.swift */,
				449EE1F5233CE9DA007134AA /* Assets.xcassets */,
				449EE225233CFCCB007134AA /* funny.jpg */,
				449EE224233CFC8B007134AA /* Unknown-4 */,
				449EE1F7233CE9DA007134AA /* LaunchScreen.storyboard */,
				449EE1FA233CE9DA007134AA /* Info.plist */,
				44943F45234216DD005C70F5 /* GoogleService-Info-3.plist */,
			);
			path = morningRoutine;
			sourceTree = "<group>";
		};
/* End PBXGroup section */

/* Begin PBXNativeTarget section */
		449EE1E8233CE9D9007134AA /* morningRoutine */ = {
			isa = PBXNativeTarget;
			buildConfigurationList = 449EE1FD233CE9DA007134AA /* Build configuration list for PBXNativeTarget "morningRoutine" */;
			buildPhases = (
				449EE1E5233CE9D9007134AA /* Sources */,
				449EE1E6233CE9D9007134AA /* Frameworks */,
				449EE1E7233CE9D9007134AA /* Resources */,
			);
			buildRules = (
			);
			dependencies = (
			);
			name = morningRoutine;
			productName = morningRoutine;
			productReference = 449EE1E9233CE9D9007134AA /* morningRoutine.app */;
			productType = "com.apple.product-type.application";
		};
/* End PBXNativeTarget section */

/* Begin PBXProject section */
		449EE1E1233CE9D9007134AA /* Project object */ = {
			isa = PBXProject;
			attributes = {
				LastSwiftUpdateCheck = 1100;
				LastUpgradeCheck = 1100;
				ORGANIZATIONNAME = "Kate Roberts";
				TargetAttributes = {
					449EE1E8233CE9D9007134AA = {
						CreatedOnToolsVersion = 11.0;
					};
				};
			};
			buildConfigurationList = 449EE1E4233CE9D9007134AA /* Build configuration list for PBXProject "morningRoutine" */;
			compatibilityVersion = "Xcode 9.3";
			developmentRegion = en;
			hasScannedForEncodings = 0;
			knownRegions = (
				en,
				Base,
			);
			mainGroup = 449EE1E0233CE9D9007134AA;
			productRefGroup = 449EE1EA233CE9D9007134AA /* Products */;
			projectDirPath = "";
			projectRoot = "";
			targets = (
				449EE1E8233CE9D9007134AA /* morningRoutine */,
			);
		};
/* End PBXProject section */

/* Begin PBXResourcesBuildPhase section */
		449EE1E7233CE9D9007134AA /* Resources */ = {
			isa = PBXResourcesBuildPhase;
			buildActionMask = 2147483647;
			files = (
				449EE226233CFCCB007134AA /* funny.jpg in Resources */,
				449EE1F9233CE9DA007134AA /* LaunchScreen.storyboard in Resources */,
				449EE1F6233CE9DA007134AA /* Assets.xcassets in Resources */,
				449EE1F4233CE9D9007134AA /* Main.storyboard in Resources */,
				44943F46234216DD005C70F5 /* GoogleService-Info-3.plist in Resources */,
			);
			runOnlyForDeploymentPostprocessing = 0;
		};
/* End PBXResourcesBuildPhase section */

/* Begin PBXSourcesBuildPhase section */
		449EE1E5233CE9D9007134AA /* Sources */ = {
			isa = PBXSourcesBuildPhase;
			buildActionMask = 2147483647;
			files = (
				44943F4A23422A52005C70F5 /* File.swift in Sources */,
				449EE1ED233CE9D9007134AA /* AppDelegate.swift in Sources */,
				449EE201233CEA09007134AA /* timetableCollectionViewCell.swift in Sources */,
				445C94CD234290C20082D84A /* funnyAnimalViewController.swift in Sources */,
				44A4B89A23437DD7003F9EBB /* packingListViewController.swift in Sources */,
				449EE203233CEA4A007134AA /* timetableCollectionViewController.swift in Sources */,
				449EE1EF233CE9D9007134AA /* SceneDelegate.swift in Sources */,
			);
			runOnlyForDeploymentPostprocessing = 0;
		};
/* End PBXSourcesBuildPhase section */

/* Begin PBXVariantGroup section */
		449EE1F2233CE9D9007134AA /* Main.storyboard */ = {
			isa = PBXVariantGroup;
			children = (
				449EE1F3233CE9D9007134AA /* Base */,
			);
			name = Main.storyboard;
			sourceTree = "<group>";
		};
		449EE1F7233CE9DA007134AA /* LaunchScreen.storyboard */ = {
			isa = PBXVariantGroup;
			children = (
				449EE1F8233CE9DA007134AA /* Base */,
			);
			name = LaunchScreen.storyboard;
			sourceTree = "<group>";
		};
/* End PBXVariantGroup section */

/* Begin XCBuildConfiguration section */
		449EE1FB233CE9DA007134AA /* Debug */ = {
			isa = XCBuildConfiguration;
			buildSettings = {
				ALWAYS_SEARCH_USER_PATHS = NO;
				CLANG_ANALYZER_NONNULL = YES;
				CLANG_ANALYZER_NUMBER_OBJECT_CONVERSION = YES_AGGRESSIVE;
				CLANG_CXX_LANGUAGE_STANDARD = "gnu++14";
				CLANG_CXX_LIBRARY = "libc++";
				CLANG_ENABLE_MODULES = YES;
				CLANG_ENABLE_OBJC_ARC = YES;
				CLANG_ENABLE_OBJC_WEAK = YES;
				CLANG_WARN_BLOCK_CAPTURE_AUTORELEASING = YES;
				CLANG_WARN_BOOL_CONVERSION = YES;
				CLANG_WARN_COMMA = YES;
				CLANG_WARN_CONSTANT_CONVERSION = YES;
				CLANG_WARN_DEPRECATED_OBJC_IMPLEMENTATIONS = YES;
				CLANG_WARN_DIRECT_OBJC_ISA_USAGE = YES_ERROR;
				CLANG_WARN_DOCUMENTATION_COMMENTS = YES;
				CLANG_WARN_EMPTY_BODY = YES;
				CLANG_WARN_ENUM_CONVERSION = YES;
				CLANG_WARN_INFINITE_RECURSION = YES;
				CLANG_WARN_INT_CONVERSION = YES;
				CLANG_WARN_NON_LITERAL_NULL_CONVERSION = YES;
				CLANG_WARN_OBJC_IMPLICIT_RETAIN_SELF = YES;
				CLANG_WARN_OBJC_LITERAL_CONVERSION = YES;
				CLANG_WARN_OBJC_ROOT_CLASS = YES_ERROR;
				CLANG_WARN_RANGE_LOOP_ANALYSIS = YES;
				CLANG_WARN_STRICT_PROTOTYPES = YES;
				CLANG_WARN_SUSPICIOUS_MOVE = YES;
				CLANG_WARN_UNGUARDED_AVAILABILITY = YES_AGGRESSIVE;
				CLANG_WARN_UNREACHABLE_CODE = YES;
				CLANG_WARN__DUPLICATE_METHOD_MATCH = YES;
				COPY_PHASE_STRIP = NO;
				DEBUG_INFORMATION_FORMAT = dwarf;
				ENABLE_STRICT_OBJC_MSGSEND = YES;
				ENABLE_TESTABILITY = YES;
				GCC_C_LANGUAGE_STANDARD = gnu11;
				GCC_DYNAMIC_NO_PIC = NO;
				GCC_NO_COMMON_BLOCKS = YES;
				GCC_OPTIMIZATION_LEVEL = 0;
				GCC_PREPROCESSOR_DEFINITIONS = (
					"DEBUG=1",
					"$(inherited)",
				);
				GCC_WARN_64_TO_32_BIT_CONVERSION = YES;
				GCC_WARN_ABOUT_RETURN_TYPE = YES_ERROR;
				GCC_WARN_UNDECLARED_SELECTOR = YES;
				GCC_WARN_UNINITIALIZED_AUTOS = YES_AGGRESSIVE;
				GCC_WARN_UNUSED_FUNCTION = YES;
				GCC_WARN_UNUSED_VARIABLE = YES;
				IPHONEOS_DEPLOYMENT_TARGET = 13.0;
				MTL_ENABLE_DEBUG_INFO = INCLUDE_SOURCE;
				MTL_FAST_MATH = YES;
				ONLY_ACTIVE_ARCH = YES;
				SDKROOT = iphoneos;
				SWIFT_ACTIVE_COMPILATION_CONDITIONS = DEBUG;
				SWIFT_OPTIMIZATION_LEVEL = "-Onone";
			};
			name = Debug;
		};
		449EE1FC233CE9DA007134AA /* Release */ = {
			isa = XCBuildConfiguration;
			buildSettings = {
				ALWAYS_SEARCH_USER_PATHS = NO;
				CLANG_ANALYZER_NONNULL = YES;
				CLANG_ANALYZER_NUMBER_OBJECT_CONVERSION = YES_AGGRESSIVE;
				CLANG_CXX_LANGUAGE_STANDARD = "gnu++14";
				CLANG_CXX_LIBRARY = "libc++";
				CLANG_ENABLE_MODULES = YES;
				CLANG_ENABLE_OBJC_ARC = YES;
				CLANG_ENABLE_OBJC_WEAK = YES;
				CLANG_WARN_BLOCK_CAPTURE_AUTORELEASING = YES;
				CLANG_WARN_BOOL_CONVERSION = YES;
				CLANG_WARN_COMMA = YES;
				CLANG_WARN_CONSTANT_CONVERSION = YES;
				CLANG_WARN_DEPRECATED_OBJC_IMPLEMENTATIONS = YES;
				CLANG_WARN_DIRECT_OBJC_ISA_USAGE = YES_ERROR;
				CLANG_WARN_DOCUMENTATION_COMMENTS = YES;
				CLANG_WARN_EMPTY_BODY = YES;
				CLANG_WARN_ENUM_CONVERSION = YES;
				CLANG_WARN_INFINITE_RECURSION = YES;
				CLANG_WARN_INT_CONVERSION = YES;
				CLANG_WARN_NON_LITERAL_NULL_CONVERSION = YES;
				CLANG_WARN_OBJC_IMPLICIT_RETAIN_SELF = YES;
				CLANG_WARN_OBJC_LITERAL_CONVERSION = YES;
				CLANG_WARN_OBJC_ROOT_CLASS = YES_ERROR;
				CLANG_WARN_RANGE_LOOP_ANALYSIS = YES;
				CLANG_WARN_STRICT_PROTOTYPES = YES;
				CLANG_WARN_SUSPICIOUS_MOVE = YES;
				CLANG_WARN_UNGUARDED_AVAILABILITY = YES_AGGRESSIVE;
				CLANG_WARN_UNREACHABLE_CODE = YES;
				CLANG_WARN__DUPLICATE_METHOD_MATCH = YES;
				COPY_PHASE_STRIP = NO;
				DEBUG_INFORMATION_FORMAT = "dwarf-with-dsym";
				ENABLE_NS_ASSERTIONS = NO;
				ENABLE_STRICT_OBJC_MSGSEND = YES;
				GCC_C_LANGUAGE_STANDARD = gnu11;
				GCC_NO_COMMON_BLOCKS = YES;
				GCC_WARN_64_TO_32_BIT_CONVERSION = YES;
				GCC_WARN_ABOUT_RETURN_TYPE = YES_ERROR;
				GCC_WARN_UNDECLARED_SELECTOR = YES;
				GCC_WARN_UNINITIALIZED_AUTOS = YES_AGGRESSIVE;
				GCC_WARN_UNUSED_FUNCTION = YES;
				GCC_WARN_UNUSED_VARIABLE = YES;
				IPHONEOS_DEPLOYMENT_TARGET = 13.0;
				MTL_ENABLE_DEBUG_INFO = NO;
				MTL_FAST_MATH = YES;
				SDKROOT = iphoneos;
				SWIFT_COMPILATION_MODE = wholemodule;
				SWIFT_OPTIMIZATION_LEVEL = "-O";
				VALIDATE_PRODUCT = YES;
			};
			name = Release;
		};
		449EE1FE233CE9DA007134AA /* Debug */ = {
			isa = XCBuildConfiguration;
			buildSettings = {
				ASSETCATALOG_COMPILER_APPICON_NAME = AppIcon;
				CODE_SIGN_STYLE = Automatic;
				DEVELOPMENT_TEAM = 2E5MDC86ME;
				INFOPLIST_FILE = morningRoutine/Info.plist;
				IPHONEOS_DEPLOYMENT_TARGET = 9.0;
				LD_RUNPATH_SEARCH_PATHS = (
					"$(inherited)",
					"@executable_path/Frameworks",
				);
				PRODUCT_BUNDLE_IDENTIFIER = com.example.morningRoutine;
				PRODUCT_NAME = "$(TARGET_NAME)";
				SWIFT_VERSION = 5.0;
				TARGETED_DEVICE_FAMILY = "1,2";
			};
			name = Debug;
		};
		449EE1FF233CE9DA007134AA /* Release */ = {
			isa = XCBuildConfiguration;
			buildSettings = {
				ASSETCATALOG_COMPILER_APPICON_NAME = AppIcon;
				CODE_SIGN_STYLE = Automatic;
				DEVELOPMENT_TEAM = 2E5MDC86ME;
				INFOPLIST_FILE = morningRoutine/Info.plist;
				IPHONEOS_DEPLOYMENT_TARGET = 9.0;
				LD_RUNPATH_SEARCH_PATHS = (
					"$(inherited)",
					"@executable_path/Frameworks",
				);
				PRODUCT_BUNDLE_IDENTIFIER = com.example.morningRoutine;
				PRODUCT_NAME = "$(TARGET_NAME)";
				SWIFT_VERSION = 5.0;
				TARGETED_DEVICE_FAMILY = "1,2";
			};
			name = Release;
		};
/* End XCBuildConfiguration section */

/* Begin XCConfigurationList section */
		449EE1E4233CE9D9007134AA /* Build configuration list for PBXProject "morningRoutine" */ = {
			isa = XCConfigurationList;
			buildConfigurations = (
				449EE1FB233CE9DA007134AA /* Debug */,
				449EE1FC233CE9DA007134AA /* Release */,
			);
			defaultConfigurationIsVisible = 0;
			defaultConfigurationName = Release;
		};
		449EE1FD233CE9DA007134AA /* Build configuration list for PBXNativeTarget "morningRoutine" */ = {
			isa = XCConfigurationList;
			buildConfigurations = (
				449EE1FE233CE9DA007134AA /* Debug */,
				449EE1FF233CE9DA007134AA /* Release */,
			);
			defaultConfigurationIsVisible = 0;
			defaultConfigurationName = Release;
		};
/* End XCConfigurationList section */
	};
	rootObject = 449EE1E1233CE9D9007134AA /* Project object */;
}
